
Microsoft Visual Studio Solution File, Format Version 12.00
# Visual Studio Version 16
VisualStudioVersion = 16.0.29020.237
MinimumVisualStudioVersion = 15.0.26124.0
Project("{2150E333-8FDC-42A3-9474-1A3956D46DE8}") = "demo-apps", "demo-apps", "{63D0E5F1-BE16-4703-B65E-AAD5A5A4704A}"
EndProject
Project("{9A19103F-16F7-4668-BE54-9A1E7A4F7556}") = "2DArray", "demo-apps\2DArray\2DArray.csproj", "{2CC08E9C-03F0-4525-B2A8-944F7543180A}"
EndProject
Project("{9A19103F-16F7-4668-BE54-9A1E7A4F7556}") = "AnotherTriangle", "demo-apps\AnotherTriangle\AnotherTriangle.csproj", "{ED204A0D-B792-44FD-AFAF-DCB61F5A62C6}"
EndProject
Project("{9A19103F-16F7-4668-BE54-9A1E7A4F7556}") = "ArrayProcessing", "demo-apps\ArrayProcessing\ArrayProcessing.csproj", "{B5A77828-66C9-4B2D-98AD-C1A4AD8FC7C3}"
EndProject
Project("{9A19103F-16F7-4668-BE54-9A1E7A4F7556}") = "AverageStringLength", "demo-apps\AverageStringLength\AverageStringLength.csproj", "{8508C031-4F7F-41BB-8215-5F6FF989204C}"
EndProject
Project("{9A19103F-16F7-4668-BE54-9A1E7A4F7556}") = "CharDoubler", "demo-apps\CharDoubler\CharDoubler.csproj", "{38C00762-1FBD-49BE-820C-C47CABA23BA7}"
EndProject
Project("{9A19103F-16F7-4668-BE54-9A1E7A4F7556}") = "FontAdjustment", "demo-apps\FontAdjustment\FontAdjustment.csproj", "{DF4102DB-9AED-4C43-BD35-01EAF7C6C1F6}"
EndProject
Project("{9A19103F-16F7-4668-BE54-9A1E7A4F7556}") = "NonNegativeSum", "demo-apps\NonNegativeSum\NonNegativeSum.csproj", "{3DAAC4ED-73C8-404F-87FD-C1A1E9ABD00C}"
EndProject
Project("{9A19103F-16F7-4668-BE54-9A1E7A4F7556}") = "NoPositive", "demo-apps\NoPositive\NoPositive.csproj", "{F0BB0421-7D1B-4CAF-8890-436B6EAE72B0}"
EndProject
Project("{9A19103F-16F7-4668-BE54-9A1E7A4F7556}") = "Rectangle", "demo-apps\Rectangle\Rectangle.csproj", "{C9919FEF-6344-4DEC-AA03-F74582A6D967}"
EndProject
Project("{9A19103F-16F7-4668-BE54-9A1E7A4F7556}") = "SumOfNumbers", "demo-apps\SumOfNumbers\SumOfNumbers.csproj", "{76487608-49AD-4990-9FD2-C44E08640158}"
EndProject
Project("{9A19103F-16F7-4668-BE54-9A1E7A4F7556}") = "Triangle", "demo-apps\Triangle\Triangle.csproj", "{16BE69F4-939B-40EC-9B24-080CB0DBDA88}"
EndProject
Project("{9A19103F-16F7-4668-BE54-9A1E7A4F7556}") = "XmasTree", "demo-apps\XmasTree\XmasTree.csproj", "{2AFFFDC6-9F6D-4C97-B280-DB493170DC5B}"
EndProject
Project("{2150E333-8FDC-42A3-9474-1A3956D46DE8}") = "src", "src", "{AC2AE58A-03A2-4484-9662-FADBEBA984D1}"
EndProject
Project("{9A19103F-16F7-4668-BE54-9A1E7A4F7556}") = "UtilsLibrary", "src\UtilsLibrary\UtilsLibrary.csproj", "{D8660FBF-99BE-45FF-B3EA-30652DFA64AD}"
EndProject
Project("{9A19103F-16F7-4668-BE54-9A1E7A4F7556}") = "test", "test\test.csproj", "{213A2939-FECA-4BBA-964F-AE533BD310C3}"
EndProject
Project("{9A19103F-16F7-4668-BE54-9A1E7A4F7556}") = "ApplicationBase", "..\common\ApplicationBase\ApplicationBase.csproj", "{87B82AB4-1336-4D37-B163-DA5EF3F982B0}"
EndProject
Global
	GlobalSection(SolutionConfigurationPlatforms) = preSolution
		Debug|Any CPU = Debug|Any CPU
		Debug|x64 = Debug|x64
		Debug|x86 = Debug|x86
		Release|Any CPU = Release|Any CPU
		Release|x64 = Release|x64
		Release|x86 = Release|x86
	EndGlobalSection
	GlobalSection(ProjectConfigurationPlatforms) = postSolution
		{2CC08E9C-03F0-4525-B2A8-944F7543180A}.Debug|Any CPU.ActiveCfg = Debug|Any CPU
		{2CC08E9C-03F0-4525-B2A8-944F7543180A}.Debug|Any CPU.Build.0 = Debug|Any CPU
		{2CC08E9C-03F0-4525-B2A8-944F7543180A}.Debug|x64.ActiveCfg = Debug|Any CPU
		{2CC08E9C-03F0-4525-B2A8-944F7543180A}.Debug|x64.Build.0 = Debug|Any CPU
		{2CC08E9C-03F0-4525-B2A8-944F7543180A}.Debug|x86.ActiveCfg = Debug|Any CPU
		{2CC08E9C-03F0-4525-B2A8-944F7543180A}.Debug|x86.Build.0 = Debug|Any CPU
		{2CC08E9C-03F0-4525-B2A8-944F7543180A}.Release|Any CPU.ActiveCfg = Release|Any CPU
		{2CC08E9C-03F0-4525-B2A8-944F7543180A}.Release|Any CPU.Build.0 = Release|Any CPU
		{2CC08E9C-03F0-4525-B2A8-944F7543180A}.Release|x64.ActiveCfg = Release|Any CPU
		{2CC08E9C-03F0-4525-B2A8-944F7543180A}.Release|x64.Build.0 = Release|Any CPU
		{2CC08E9C-03F0-4525-B2A8-944F7543180A}.Release|x86.ActiveCfg = Release|Any CPU
		{2CC08E9C-03F0-4525-B2A8-944F7543180A}.Release|x86.Build.0 = Release|Any CPU
		{ED204A0D-B792-44FD-AFAF-DCB61F5A62C6}.Debug|Any CPU.ActiveCfg = Debug|Any CPU
		{ED204A0D-B792-44FD-AFAF-DCB61F5A62C6}.Debug|Any CPU.Build.0 = Debug|Any CPU
		{ED204A0D-B792-44FD-AFAF-DCB61F5A62C6}.Debug|x64.ActiveCfg = Debug|Any CPU
		{ED204A0D-B792-44FD-AFAF-DCB61F5A62C6}.Debug|x64.Build.0 = Debug|Any CPU
		{ED204A0D-B792-44FD-AFAF-DCB61F5A62C6}.Debug|x86.ActiveCfg = Debug|Any CPU
		{ED204A0D-B792-44FD-AFAF-DCB61F5A62C6}.Debug|x86.Build.0 = Debug|Any CPU
		{ED204A0D-B792-44FD-AFAF-DCB61F5A62C6}.Release|Any CPU.ActiveCfg = Release|Any CPU
		{ED204A0D-B792-44FD-AFAF-DCB61F5A62C6}.Release|Any CPU.Build.0 = Release|Any CPU
		{ED204A0D-B792-44FD-AFAF-DCB61F5A62C6}.Release|x64.ActiveCfg = Release|Any CPU
		{ED204A0D-B792-44FD-AFAF-DCB61F5A62C6}.Release|x64.Build.0 = Release|Any CPU
		{ED204A0D-B792-44FD-AFAF-DCB61F5A62C6}.Release|x86.ActiveCfg = Release|Any CPU
		{ED204A0D-B792-44FD-AFAF-DCB61F5A62C6}.Release|x86.Build.0 = Release|Any CPU
		{B5A77828-66C9-4B2D-98AD-C1A4AD8FC7C3}.Debug|Any CPU.ActiveCfg = Debug|Any CPU
		{B5A77828-66C9-4B2D-98AD-C1A4AD8FC7C3}.Debug|Any CPU.Build.0 = Debug|Any CPU
		{B5A77828-66C9-4B2D-98AD-C1A4AD8FC7C3}.Debug|x64.ActiveCfg = Debug|Any CPU
		{B5A77828-66C9-4B2D-98AD-C1A4AD8FC7C3}.Debug|x64.Build.0 = Debug|Any CPU
		{B5A77828-66C9-4B2D-98AD-C1A4AD8FC7C3}.Debug|x86.ActiveCfg = Debug|Any CPU
		{B5A77828-66C9-4B2D-98AD-C1A4AD8FC7C3}.Debug|x86.Build.0 = Debug|Any CPU
		{B5A77828-66C9-4B2D-98AD-C1A4AD8FC7C3}.Release|Any CPU.ActiveCfg = Release|Any CPU
		{B5A77828-66C9-4B2D-98AD-C1A4AD8FC7C3}.Release|Any CPU.Build.0 = Release|Any CPU
		{B5A77828-66C9-4B2D-98AD-C1A4AD8FC7C3}.Release|x64.ActiveCfg = Release|Any CPU
		{B5A77828-66C9-4B2D-98AD-C1A4AD8FC7C3}.Release|x64.Build.0 = Release|Any CPU
		{B5A77828-66C9-4B2D-98AD-C1A4AD8FC7C3}.Release|x86.ActiveCfg = Release|Any CPU
		{B5A77828-66C9-4B2D-98AD-C1A4AD8FC7C3}.Release|x86.Build.0 = Release|Any CPU
		{8508C031-4F7F-41BB-8215-5F6FF989204C}.Debug|Any CPU.ActiveCfg = Debug|Any CPU
		{8508C031-4F7F-41BB-8215-5F6FF989204C}.Debug|Any CPU.Build.0 = Debug|Any CPU
		{8508C031-4F7F-41BB-8215-5F6FF989204C}.Debug|x64.ActiveCfg = Debug|Any CPU
		{8508C031-4F7F-41BB-8215-5F6FF989204C}.Debug|x64.Build.0 = Debug|Any CPU
		{8508C031-4F7F-41BB-8215-5F6FF989204C}.Debug|x86.ActiveCfg = Debug|Any CPU
		{8508C031-4F7F-41BB-8215-5F6FF989204C}.Debug|x86.Build.0 = Debug|Any CPU
		{8508C031-4F7F-41BB-8215-5F6FF989204C}.Release|Any CPU.ActiveCfg = Release|Any CPU
		{8508C031-4F7F-41BB-8215-5F6FF989204C}.Release|Any CPU.Build.0 = Release|Any CPU
		{8508C031-4F7F-41BB-8215-5F6FF989204C}.Release|x64.ActiveCfg = Release|Any CPU
		{8508C031-4F7F-41BB-8215-5F6FF989204C}.Release|x64.Build.0 = Release|Any CPU
		{8508C031-4F7F-41BB-8215-5F6FF989204C}.Release|x86.ActiveCfg = Release|Any CPU
		{8508C031-4F7F-41BB-8215-5F6FF989204C}.Release|x86.Build.0 = Release|Any CPU
		{38C00762-1FBD-49BE-820C-C47CABA23BA7}.Debug|Any CPU.ActiveCfg = Debug|Any CPU
		{38C00762-1FBD-49BE-820C-C47CABA23BA7}.Debug|Any CPU.Build.0 = Debug|Any CPU
		{38C00762-1FBD-49BE-820C-C47CABA23BA7}.Debug|x64.ActiveCfg = Debug|Any CPU
		{38C00762-1FBD-49BE-820C-C47CABA23BA7}.Debug|x64.Build.0 = Debug|Any CPU
		{38C00762-1FBD-49BE-820C-C47CABA23BA7}.Debug|x86.ActiveCfg = Debug|Any CPU
		{38C00762-1FBD-49BE-820C-C47CABA23BA7}.Debug|x86.Build.0 = Debug|Any CPU
		{38C00762-1FBD-49BE-820C-C47CABA23BA7}.Release|Any CPU.ActiveCfg = Release|Any CPU
		{38C00762-1FBD-49BE-820C-C47CABA23BA7}.Release|Any CPU.Build.0 = Release|Any CPU
		{38C00762-1FBD-49BE-820C-C47CABA23BA7}.Release|x64.ActiveCfg = Release|Any CPU
		{38C00762-1FBD-49BE-820C-C47CABA23BA7}.Release|x64.Build.0 = Release|Any CPU
		{38C00762-1FBD-49BE-820C-C47CABA23BA7}.Release|x86.ActiveCfg = Release|Any CPU
		{38C00762-1FBD-49BE-820C-C47CABA23BA7}.Release|x86.Build.0 = Release|Any CPU
		{DF4102DB-9AED-4C43-BD35-01EAF7C6C1F6}.Debug|Any CPU.ActiveCfg = Debug|Any CPU
		{DF4102DB-9AED-4C43-BD35-01EAF7C6C1F6}.Debug|Any CPU.Build.0 = Debug|Any CPU
		{DF4102DB-9AED-4C43-BD35-01EAF7C6C1F6}.Debug|x64.ActiveCfg = Debug|Any CPU
		{DF4102DB-9AED-4C43-BD35-01EAF7C6C1F6}.Debug|x64.Build.0 = Debug|Any CPU
		{DF4102DB-9AED-4C43-BD35-01EAF7C6C1F6}.Debug|x86.ActiveCfg = Debug|Any CPU
		{DF4102DB-9AED-4C43-BD35-01EAF7C6C1F6}.Debug|x86.Build.0 = Debug|Any CPU
		{DF4102DB-9AED-4C43-BD35-01EAF7C6C1F6}.Release|Any CPU.ActiveCfg = Release|Any CPU
		{DF4102DB-9AED-4C43-BD35-01EAF7C6C1F6}.Release|Any CPU.Build.0 = Release|Any CPU
		{DF4102DB-9AED-4C43-BD35-01EAF7C6C1F6}.Release|x64.ActiveCfg = Release|Any CPU
		{DF4102DB-9AED-4C43-BD35-01EAF7C6C1F6}.Release|x64.Build.0 = Release|Any CPU
		{DF4102DB-9AED-4C43-BD35-01EAF7C6C1F6}.Release|x86.ActiveCfg = Release|Any CPU
		{DF4102DB-9AED-4C43-BD35-01EAF7C6C1F6}.Release|x86.Build.0 = Release|Any CPU
		{3DAAC4ED-73C8-404F-87FD-C1A1E9ABD00C}.Debug|Any CPU.ActiveCfg = Debug|Any CPU
		{3DAAC4ED-73C8-404F-87FD-C1A1E9ABD00C}.Debug|Any CPU.Build.0 = Debug|Any CPU
		{3DAAC4ED-73C8-404F-87FD-C1A1E9ABD00C}.Debug|x64.ActiveCfg = Debug|Any CPU
		{3DAAC4ED-73C8-404F-87FD-C1A1E9ABD00C}.Debug|x64.Build.0 = Debug|Any CPU
		{3DAAC4ED-73C8-404F-87FD-C1A1E9ABD00C}.Debug|x86.ActiveCfg = Debug|Any CPU
		{3DAAC4ED-73C8-404F-87FD-C1A1E9ABD00C}.Debug|x86.Build.0 = Debug|Any CPU
		{3DAAC4ED-73C8-404F-87FD-C1A1E9ABD00C}.Release|Any CPU.ActiveCfg = Release|Any CPU
		{3DAAC4ED-73C8-404F-87FD-C1A1E9ABD00C}.Release|Any CPU.Build.0 = Release|Any CPU
		{3DAAC4ED-73C8-404F-87FD-C1A1E9ABD00C}.Release|x64.ActiveCfg = Release|Any CPU
		{3DAAC4ED-73C8-404F-87FD-C1A1E9ABD00C}.Release|x64.Build.0 = Release|Any CPU
		{3DAAC4ED-73C8-404F-87FD-C1A1E9ABD00C}.Release|x86.ActiveCfg = Release|Any CPU
		{3DAAC4ED-73C8-404F-87FD-C1A1E9ABD00C}.Release|x86.Build.0 = Release|Any CPU
		{F0BB0421-7D1B-4CAF-8890-436B6EAE72B0}.Debug|Any CPU.ActiveCfg = Debug|Any CPU
		{F0BB0421-7D1B-4CAF-8890-436B6EAE72B0}.Debug|Any CPU.Build.0 = Debug|Any CPU
		{F0BB0421-7D1B-4CAF-8890-436B6EAE72B0}.Debug|x64.ActiveCfg = Debug|Any CPU
		{F0BB0421-7D1B-4CAF-8890-436B6EAE72B0}.Debug|x64.Build.0 = Debug|Any CPU
		{F0BB0421-7D1B-4CAF-8890-436B6EAE72B0}.Debug|x86.ActiveCfg = Debug|Any CPU
		{F0BB0421-7D1B-4CAF-8890-436B6EAE72B0}.Debug|x86.Build.0 = Debug|Any CPU
		{F0BB0421-7D1B-4CAF-8890-436B6EAE72B0}.Release|Any CPU.ActiveCfg = Release|Any CPU
		{F0BB0421-7D1B-4CAF-8890-436B6EAE72B0}.Release|Any CPU.Build.0 = Release|Any CPU
		{F0BB0421-7D1B-4CAF-8890-436B6EAE72B0}.Release|x64.ActiveCfg = Release|Any CPU
		{F0BB0421-7D1B-4CAF-8890-436B6EAE72B0}.Release|x64.Build.0 = Release|Any CPU
		{F0BB0421-7D1B-4CAF-8890-436B6EAE72B0}.Release|x86.ActiveCfg = Release|Any CPU
		{F0BB0421-7D1B-4CAF-8890-436B6EAE72B0}.Release|x86.Build.0 = Release|Any CPU
		{C9919FEF-6344-4DEC-AA03-F74582A6D967}.Debug|Any CPU.ActiveCfg = Debug|Any CPU
		{C9919FEF-6344-4DEC-AA03-F74582A6D967}.Debug|Any CPU.Build.0 = Debug|Any CPU
		{C9919FEF-6344-4DEC-AA03-F74582A6D967}.Debug|x64.ActiveCfg = Debug|Any CPU
		{C9919FEF-6344-4DEC-AA03-F74582A6D967}.Debug|x64.Build.0 = Debug|Any CPU
		{C9919FEF-6344-4DEC-AA03-F74582A6D967}.Debug|x86.ActiveCfg = Debug|Any CPU
		{C9919FEF-6344-4DEC-AA03-F74582A6D967}.Debug|x86.Build.0 = Debug|Any CPU
		{C9919FEF-6344-4DEC-AA03-F74582A6D967}.Release|Any CPU.ActiveCfg = Release|Any CPU
		{C9919FEF-6344-4DEC-AA03-F74582A6D967}.Release|Any CPU.Build.0 = Release|Any CPU
		{C9919FEF-6344-4DEC-AA03-F74582A6D967}.Release|x64.ActiveCfg = Release|Any CPU
		{C9919FEF-6344-4DEC-AA03-F74582A6D967}.Release|x64.Build.0 = Release|Any CPU
		{C9919FEF-6344-4DEC-AA03-F74582A6D967}.Release|x86.ActiveCfg = Release|Any CPU
		{C9919FEF-6344-4DEC-AA03-F74582A6D967}.Release|x86.Build.0 = Release|Any CPU
		{76487608-49AD-4990-9FD2-C44E08640158}.Debug|Any CPU.ActiveCfg = Debug|Any CPU
		{76487608-49AD-4990-9FD2-C44E08640158}.Debug|Any CPU.Build.0 = Debug|Any CPU
		{76487608-49AD-4990-9FD2-C44E08640158}.Debug|x64.ActiveCfg = Debug|Any CPU
		{76487608-49AD-4990-9FD2-C44E08640158}.Debug|x64.Build.0 = Debug|Any CPU
		{76487608-49AD-4990-9FD2-C44E08640158}.Debug|x86.ActiveCfg = Debug|Any CPU
		{76487608-49AD-4990-9FD2-C44E08640158}.Debug|x86.Build.0 = Debug|Any CPU
		{76487608-49AD-4990-9FD2-C44E08640158}.Release|Any CPU.ActiveCfg = Release|Any CPU
		{76487608-49AD-4990-9FD2-C44E08640158}.Release|Any CPU.Build.0 = Release|Any CPU
		{76487608-49AD-4990-9FD2-C44E08640158}.Release|x64.ActiveCfg = Release|Any CPU
		{76487608-49AD-4990-9FD2-C44E08640158}.Release|x64.Build.0 = Release|Any CPU
		{76487608-49AD-4990-9FD2-C44E08640158}.Release|x86.ActiveCfg = Release|Any CPU
		{76487608-49AD-4990-9FD2-C44E08640158}.Release|x86.Build.0 = Release|Any CPU
		{16BE69F4-939B-40EC-9B24-080CB0DBDA88}.Debug|Any CPU.ActiveCfg = Debug|Any CPU
		{16BE69F4-939B-40EC-9B24-080CB0DBDA88}.Debug|Any CPU.Build.0 = Debug|Any CPU
		{16BE69F4-939B-40EC-9B24-080CB0DBDA88}.Debug|x64.ActiveCfg = Debug|Any CPU
		{16BE69F4-939B-40EC-9B24-080CB0DBDA88}.Debug|x64.Build.0 = Debug|Any CPU
		{16BE69F4-939B-40EC-9B24-080CB0DBDA88}.Debug|x86.ActiveCfg = Debug|Any CPU
		{16BE69F4-939B-40EC-9B24-080CB0DBDA88}.Debug|x86.Build.0 = Debug|Any CPU
		{16BE69F4-939B-40EC-9B24-080CB0DBDA88}.Release|Any CPU.ActiveCfg = Release|Any CPU
		{16BE69F4-939B-40EC-9B24-080CB0DBDA88}.Release|Any CPU.Build.0 = Release|Any CPU
		{16BE69F4-939B-40EC-9B24-080CB0DBDA88}.Release|x64.ActiveCfg = Release|Any CPU
		{16BE69F4-939B-40EC-9B24-080CB0DBDA88}.Release|x64.Build.0 = Release|Any CPU
		{16BE69F4-939B-40EC-9B24-080CB0DBDA88}.Release|x86.ActiveCfg = Release|Any CPU
		{16BE69F4-939B-40EC-9B24-080CB0DBDA88}.Release|x86.Build.0 = Release|Any CPU
		{2AFFFDC6-9F6D-4C97-B280-DB493170DC5B}.Debug|Any CPU.ActiveCfg = Debug|Any CPU
		{2AFFFDC6-9F6D-4C97-B280-DB493170DC5B}.Debug|Any CPU.Build.0 = Debug|Any CPU
		{2AFFFDC6-9F6D-4C97-B280-DB493170DC5B}.Debug|x64.ActiveCfg = Debug|Any CPU
		{2AFFFDC6-9F6D-4C97-B280-DB493170DC5B}.Debug|x64.Build.0 = Debug|Any CPU
		{2AFFFDC6-9F6D-4C97-B280-DB493170DC5B}.Debug|x86.ActiveCfg = Debug|Any CPU
		{2AFFFDC6-9F6D-4C97-B280-DB493170DC5B}.Debug|x86.Build.0 = Debug|Any CPU
		{2AFFFDC6-9F6D-4C97-B280-DB493170DC5B}.Release|Any CPU.ActiveCfg = Release|Any CPU
		{2AFFFDC6-9F6D-4C97-B280-DB493170DC5B}.Release|Any CPU.Build.0 = Release|Any CPU
		{2AFFFDC6-9F6D-4C97-B280-DB493170DC5B}.Release|x64.ActiveCfg = Release|Any CPU
		{2AFFFDC6-9F6D-4C97-B280-DB493170DC5B}.Release|x64.Build.0 = Release|Any CPU
		{2AFFFDC6-9F6D-4C97-B280-DB493170DC5B}.Release|x86.ActiveCfg = Release|Any CPU
		{2AFFFDC6-9F6D-4C97-B280-DB493170DC5B}.Release|x86.Build.0 = Release|Any CPU
		{D8660FBF-99BE-45FF-B3EA-30652DFA64AD}.Debug|Any CPU.ActiveCfg = Debug|Any CPU
		{D8660FBF-99BE-45FF-B3EA-30652DFA64AD}.Debug|Any CPU.Build.0 = Debug|Any CPU
		{D8660FBF-99BE-45FF-B3EA-30652DFA64AD}.Debug|x64.ActiveCfg = Debug|Any CPU
		{D8660FBF-99BE-45FF-B3EA-30652DFA64AD}.Debug|x64.Build.0 = Debug|Any CPU
		{D8660FBF-99BE-45FF-B3EA-30652DFA64AD}.Debug|x86.ActiveCfg = Debug|Any CPU
		{D8660FBF-99BE-45FF-B3EA-30652DFA64AD}.Debug|x86.Build.0 = Debug|Any CPU
		{D8660FBF-99BE-45FF-B3EA-30652DFA64AD}.Release|Any CPU.ActiveCfg = Release|Any CPU
		{D8660FBF-99BE-45FF-B3EA-30652DFA64AD}.Release|Any CPU.Build.0 = Release|Any CPU
		{D8660FBF-99BE-45FF-B3EA-30652DFA64AD}.Release|x64.ActiveCfg = Release|Any CPU
		{D8660FBF-99BE-45FF-B3EA-30652DFA64AD}.Release|x64.Build.0 = Release|Any CPU
		{D8660FBF-99BE-45FF-B3EA-30652DFA64AD}.Release|x86.ActiveCfg = Release|Any CPU
		{D8660FBF-99BE-45FF-B3EA-30652DFA64AD}.Release|x86.Build.0 = Release|Any CPU
		{213A2939-FECA-4BBA-964F-AE533BD310C3}.Debug|Any CPU.ActiveCfg = Debug|Any CPU
		{213A2939-FECA-4BBA-964F-AE533BD310C3}.Debug|Any CPU.Build.0 = Debug|Any CPU
		{213A2939-FECA-4BBA-964F-AE533BD310C3}.Debug|x64.ActiveCfg = Debug|Any CPU
		{213A2939-FECA-4BBA-964F-AE533BD310C3}.Debug|x64.Build.0 = Debug|Any CPU
		{213A2939-FECA-4BBA-964F-AE533BD310C3}.Debug|x86.ActiveCfg = Debug|Any CPU
		{213A2939-FECA-4BBA-964F-AE533BD310C3}.Debug|x86.Build.0 = Debug|Any CPU
		{213A2939-FECA-4BBA-964F-AE533BD310C3}.Release|Any CPU.ActiveCfg = Release|Any CPU
		{213A2939-FECA-4BBA-964F-AE533BD310C3}.Release|Any CPU.Build.0 = Release|Any CPU
		{213A2939-FECA-4BBA-964F-AE533BD310C3}.Release|x64.ActiveCfg = Release|Any CPU
		{213A2939-FECA-4BBA-964F-AE533BD310C3}.Release|x64.Build.0 = Release|Any CPU
		{213A2939-FECA-4BBA-964F-AE533BD310C3}.Release|x86.ActiveCfg = Release|Any CPU
		{213A2939-FECA-4BBA-964F-AE533BD310C3}.Release|x86.Build.0 = Release|Any CPU
		{87B82AB4-1336-4D37-B163-DA5EF3F982B0}.Debug|Any CPU.ActiveCfg = Debug|Any CPU
		{87B82AB4-1336-4D37-B163-DA5EF3F982B0}.Debug|Any CPU.Build.0 = Debug|Any CPU
		{87B82AB4-1336-4D37-B163-DA5EF3F982B0}.Debug|x64.ActiveCfg = Debug|Any CPU
		{87B82AB4-1336-4D37-B163-DA5EF3F982B0}.Debug|x64.Build.0 = Debug|Any CPU
		{87B82AB4-1336-4D37-B163-DA5EF3F982B0}.Debug|x86.ActiveCfg = Debug|Any CPU
		{87B82AB4-1336-4D37-B163-DA5EF3F982B0}.Debug|x86.Build.0 = Debug|Any CPU
		{87B82AB4-1336-4D37-B163-DA5EF3F982B0}.Release|Any CPU.ActiveCfg = Release|Any CPU
		{87B82AB4-1336-4D37-B163-DA5EF3F982B0}.Release|Any CPU.Build.0 = Release|Any CPU
		{87B82AB4-1336-4D37-B163-DA5EF3F982B0}.Release|x64.ActiveCfg = Release|Any CPU
		{87B82AB4-1336-4D37-B163-DA5EF3F982B0}.Release|x64.Build.0 = Release|Any CPU
		{87B82AB4-1336-4D37-B163-DA5EF3F982B0}.Release|x86.ActiveCfg = Release|Any CPU
		{87B82AB4-1336-4D37-B163-DA5EF3F982B0}.Release|x86.Build.0 = Release|Any CPU
	EndGlobalSection
	GlobalSection(SolutionProperties) = preSolution
		HideSolutionNode = FALSE
	EndGlobalSection
	GlobalSection(NestedProjects) = preSolution
		{2CC08E9C-03F0-4525-B2A8-944F7543180A} = {63D0E5F1-BE16-4703-B65E-AAD5A5A4704A}
		{ED204A0D-B792-44FD-AFAF-DCB61F5A62C6} = {63D0E5F1-BE16-4703-B65E-AAD5A5A4704A}
		{B5A77828-66C9-4B2D-98AD-C1A4AD8FC7C3} = {63D0E5F1-BE16-4703-B65E-AAD5A5A4704A}
		{8508C031-4F7F-41BB-8215-5F6FF989204C} = {63D0E5F1-BE16-4703-B65E-AAD5A5A4704A}
		{38C00762-1FBD-49BE-820C-C47CABA23BA7} = {63D0E5F1-BE16-4703-B65E-AAD5A5A4704A}
		{DF4102DB-9AED-4C43-BD35-01EAF7C6C1F6} = {63D0E5F1-BE16-4703-B65E-AAD5A5A4704A}
		{3DAAC4ED-73C8-404F-87FD-C1A1E9ABD00C} = {63D0E5F1-BE16-4703-B65E-AAD5A5A4704A}
		{F0BB0421-7D1B-4CAF-8890-436B6EAE72B0} = {63D0E5F1-BE16-4703-B65E-AAD5A5A4704A}
		{C9919FEF-6344-4DEC-AA03-F74582A6D967} = {63D0E5F1-BE16-4703-B65E-AAD5A5A4704A}
		{76487608-49AD-4990-9FD2-C44E08640158} = {63D0E5F1-BE16-4703-B65E-AAD5A5A4704A}
		{16BE69F4-939B-40EC-9B24-080CB0DBDA88} = {63D0E5F1-BE16-4703-B65E-AAD5A5A4704A}
		{2AFFFDC6-9F6D-4C97-B280-DB493170DC5B} = {63D0E5F1-BE16-4703-B65E-AAD5A5A4704A}
		{D8660FBF-99BE-45FF-B3EA-30652DFA64AD} = {AC2AE58A-03A2-4484-9662-FADBEBA984D1}
	EndGlobalSection
	GlobalSection(ExtensibilityGlobals) = postSolution
		SolutionGuid = {C31027AB-C3A3-4B29-9A3D-41A609012C0D}
	EndGlobalSection
EndGlobal
