
Microsoft Visual Studio Solution File, Format Version 12.00
# Visual Studio Version 16
VisualStudioVersion = 16.0.29020.237
MinimumVisualStudioVersion = 15.0.26124.0
Project("{2150E333-8FDC-42A3-9474-1A3956D46DE8}") = "src", "src", "{190D11ED-194A-4605-97B8-B7FE6A68D7EE}"
EndProject
Project("{9A19103F-16F7-4668-BE54-9A1E7A4F7556}") = "Sequence", "src\Sequence\Sequence.csproj", "{DAD46987-C3B3-4027-96F6-859457728779}"
EndProject
Project("{9A19103F-16F7-4668-BE54-9A1E7A4F7556}") = "Simple", "src\Simple\Simple.csproj", "{CDE740FC-E435-4ADD-AEF7-D4174AE0C944}"
EndProject
Project("{9A19103F-16F7-4668-BE54-9A1E7A4F7556}") = "Square", "src\Square\Square.csproj", "{E408678C-135C-44BF-BF69-F817F0C86871}"
EndProject
Project("{9A19103F-16F7-4668-BE54-9A1E7A4F7556}") = "test", "test\test.csproj", "{8421365C-C02C-454F-ADE9-087322D8CFE4}"
EndProject
Project("{2150E333-8FDC-42A3-9474-1A3956D46DE8}") = "demo-apps", "demo-apps", "{9B9774E5-F240-41EB-A755-0417344C898D}"
EndProject
Project("{9A19103F-16F7-4668-BE54-9A1E7A4F7556}") = "SequenceApp", "demo-apps\SequenceApp\SequenceApp.csproj", "{5D0B12D6-6D71-4984-9D49-D8AA96C109BF}"
EndProject
Project("{9A19103F-16F7-4668-BE54-9A1E7A4F7556}") = "SimpleApp", "demo-apps\SimpleApp\SimpleApp.csproj", "{647B7152-075F-440B-8A7E-75C9B2641663}"
EndProject
Project("{9A19103F-16F7-4668-BE54-9A1E7A4F7556}") = "SquareApp", "demo-apps\SquareApp\SquareApp.csproj", "{42BD4CA9-E1DB-4164-898F-F33ACC138C9C}"
EndProject
Project("{2150E333-8FDC-42A3-9474-1A3956D46DE8}") = "Solution Items", "Solution Items", "{731EB0F0-146C-465A-91B8-60F7B554753C}"
	ProjectSection(SolutionItems) = preProject
		README.md = README.md
	EndProjectSection
EndProject
Project("{9A19103F-16F7-4668-BE54-9A1E7A4F7556}") = "ApplicationBase", "..\common\ApplicationBase\ApplicationBase.csproj", "{CE26652D-48CE-45E7-B975-19BBB38A3A61}"
EndProject
Global
	GlobalSection(SolutionConfigurationPlatforms) = preSolution
		Debug|Any CPU = Debug|Any CPU
		Debug|x64 = Debug|x64
		Debug|x86 = Debug|x86
		Release|Any CPU = Release|Any CPU
		Release|x64 = Release|x64
		Release|x86 = Release|x86
	EndGlobalSection
	GlobalSection(ProjectConfigurationPlatforms) = postSolution
		{DAD46987-C3B3-4027-96F6-859457728779}.Debug|Any CPU.ActiveCfg = Debug|Any CPU
		{DAD46987-C3B3-4027-96F6-859457728779}.Debug|Any CPU.Build.0 = Debug|Any CPU
		{DAD46987-C3B3-4027-96F6-859457728779}.Debug|x64.ActiveCfg = Debug|Any CPU
		{DAD46987-C3B3-4027-96F6-859457728779}.Debug|x64.Build.0 = Debug|Any CPU
		{DAD46987-C3B3-4027-96F6-859457728779}.Debug|x86.ActiveCfg = Debug|Any CPU
		{DAD46987-C3B3-4027-96F6-859457728779}.Debug|x86.Build.0 = Debug|Any CPU
		{DAD46987-C3B3-4027-96F6-859457728779}.Release|Any CPU.ActiveCfg = Release|Any CPU
		{DAD46987-C3B3-4027-96F6-859457728779}.Release|Any CPU.Build.0 = Release|Any CPU
		{DAD46987-C3B3-4027-96F6-859457728779}.Release|x64.ActiveCfg = Release|Any CPU
		{DAD46987-C3B3-4027-96F6-859457728779}.Release|x64.Build.0 = Release|Any CPU
		{DAD46987-C3B3-4027-96F6-859457728779}.Release|x86.ActiveCfg = Release|Any CPU
		{DAD46987-C3B3-4027-96F6-859457728779}.Release|x86.Build.0 = Release|Any CPU
		{CDE740FC-E435-4ADD-AEF7-D4174AE0C944}.Debug|Any CPU.ActiveCfg = Debug|Any CPU
		{CDE740FC-E435-4ADD-AEF7-D4174AE0C944}.Debug|Any CPU.Build.0 = Debug|Any CPU
		{CDE740FC-E435-4ADD-AEF7-D4174AE0C944}.Debug|x64.ActiveCfg = Debug|Any CPU
		{CDE740FC-E435-4ADD-AEF7-D4174AE0C944}.Debug|x64.Build.0 = Debug|Any CPU
		{CDE740FC-E435-4ADD-AEF7-D4174AE0C944}.Debug|x86.ActiveCfg = Debug|Any CPU
		{CDE740FC-E435-4ADD-AEF7-D4174AE0C944}.Debug|x86.Build.0 = Debug|Any CPU
		{CDE740FC-E435-4ADD-AEF7-D4174AE0C944}.Release|Any CPU.ActiveCfg = Release|Any CPU
		{CDE740FC-E435-4ADD-AEF7-D4174AE0C944}.Release|Any CPU.Build.0 = Release|Any CPU
		{CDE740FC-E435-4ADD-AEF7-D4174AE0C944}.Release|x64.ActiveCfg = Release|Any CPU
		{CDE740FC-E435-4ADD-AEF7-D4174AE0C944}.Release|x64.Build.0 = Release|Any CPU
		{CDE740FC-E435-4ADD-AEF7-D4174AE0C944}.Release|x86.ActiveCfg = Release|Any CPU
		{CDE740FC-E435-4ADD-AEF7-D4174AE0C944}.Release|x86.Build.0 = Release|Any CPU
		{E408678C-135C-44BF-BF69-F817F0C86871}.Debug|Any CPU.ActiveCfg = Debug|Any CPU
		{E408678C-135C-44BF-BF69-F817F0C86871}.Debug|Any CPU.Build.0 = Debug|Any CPU
		{E408678C-135C-44BF-BF69-F817F0C86871}.Debug|x64.ActiveCfg = Debug|Any CPU
		{E408678C-135C-44BF-BF69-F817F0C86871}.Debug|x64.Build.0 = Debug|Any CPU
		{E408678C-135C-44BF-BF69-F817F0C86871}.Debug|x86.ActiveCfg = Debug|Any CPU
		{E408678C-135C-44BF-BF69-F817F0C86871}.Debug|x86.Build.0 = Debug|Any CPU
		{E408678C-135C-44BF-BF69-F817F0C86871}.Release|Any CPU.ActiveCfg = Release|Any CPU
		{E408678C-135C-44BF-BF69-F817F0C86871}.Release|Any CPU.Build.0 = Release|Any CPU
		{E408678C-135C-44BF-BF69-F817F0C86871}.Release|x64.ActiveCfg = Release|Any CPU
		{E408678C-135C-44BF-BF69-F817F0C86871}.Release|x64.Build.0 = Release|Any CPU
		{E408678C-135C-44BF-BF69-F817F0C86871}.Release|x86.ActiveCfg = Release|Any CPU
		{E408678C-135C-44BF-BF69-F817F0C86871}.Release|x86.Build.0 = Release|Any CPU
		{8421365C-C02C-454F-ADE9-087322D8CFE4}.Debug|Any CPU.ActiveCfg = Debug|Any CPU
		{8421365C-C02C-454F-ADE9-087322D8CFE4}.Debug|Any CPU.Build.0 = Debug|Any CPU
		{8421365C-C02C-454F-ADE9-087322D8CFE4}.Debug|x64.ActiveCfg = Debug|Any CPU
		{8421365C-C02C-454F-ADE9-087322D8CFE4}.Debug|x64.Build.0 = Debug|Any CPU
		{8421365C-C02C-454F-ADE9-087322D8CFE4}.Debug|x86.ActiveCfg = Debug|Any CPU
		{8421365C-C02C-454F-ADE9-087322D8CFE4}.Debug|x86.Build.0 = Debug|Any CPU
		{8421365C-C02C-454F-ADE9-087322D8CFE4}.Release|Any CPU.ActiveCfg = Release|Any CPU
		{8421365C-C02C-454F-ADE9-087322D8CFE4}.Release|Any CPU.Build.0 = Release|Any CPU
		{8421365C-C02C-454F-ADE9-087322D8CFE4}.Release|x64.ActiveCfg = Release|Any CPU
		{8421365C-C02C-454F-ADE9-087322D8CFE4}.Release|x64.Build.0 = Release|Any CPU
		{8421365C-C02C-454F-ADE9-087322D8CFE4}.Release|x86.ActiveCfg = Release|Any CPU
		{8421365C-C02C-454F-ADE9-087322D8CFE4}.Release|x86.Build.0 = Release|Any CPU
		{5D0B12D6-6D71-4984-9D49-D8AA96C109BF}.Debug|Any CPU.ActiveCfg = Debug|Any CPU
		{5D0B12D6-6D71-4984-9D49-D8AA96C109BF}.Debug|Any CPU.Build.0 = Debug|Any CPU
		{5D0B12D6-6D71-4984-9D49-D8AA96C109BF}.Debug|x64.ActiveCfg = Debug|Any CPU
		{5D0B12D6-6D71-4984-9D49-D8AA96C109BF}.Debug|x64.Build.0 = Debug|Any CPU
		{5D0B12D6-6D71-4984-9D49-D8AA96C109BF}.Debug|x86.ActiveCfg = Debug|Any CPU
		{5D0B12D6-6D71-4984-9D49-D8AA96C109BF}.Debug|x86.Build.0 = Debug|Any CPU
		{5D0B12D6-6D71-4984-9D49-D8AA96C109BF}.Release|Any CPU.ActiveCfg = Release|Any CPU
		{5D0B12D6-6D71-4984-9D49-D8AA96C109BF}.Release|Any CPU.Build.0 = Release|Any CPU
		{5D0B12D6-6D71-4984-9D49-D8AA96C109BF}.Release|x64.ActiveCfg = Release|Any CPU
		{5D0B12D6-6D71-4984-9D49-D8AA96C109BF}.Release|x64.Build.0 = Release|Any CPU
		{5D0B12D6-6D71-4984-9D49-D8AA96C109BF}.Release|x86.ActiveCfg = Release|Any CPU
		{5D0B12D6-6D71-4984-9D49-D8AA96C109BF}.Release|x86.Build.0 = Release|Any CPU
		{647B7152-075F-440B-8A7E-75C9B2641663}.Debug|Any CPU.ActiveCfg = Debug|Any CPU
		{647B7152-075F-440B-8A7E-75C9B2641663}.Debug|Any CPU.Build.0 = Debug|Any CPU
		{647B7152-075F-440B-8A7E-75C9B2641663}.Debug|x64.ActiveCfg = Debug|Any CPU
		{647B7152-075F-440B-8A7E-75C9B2641663}.Debug|x64.Build.0 = Debug|Any CPU
		{647B7152-075F-440B-8A7E-75C9B2641663}.Debug|x86.ActiveCfg = Debug|Any CPU
		{647B7152-075F-440B-8A7E-75C9B2641663}.Debug|x86.Build.0 = Debug|Any CPU
		{647B7152-075F-440B-8A7E-75C9B2641663}.Release|Any CPU.ActiveCfg = Release|Any CPU
		{647B7152-075F-440B-8A7E-75C9B2641663}.Release|Any CPU.Build.0 = Release|Any CPU
		{647B7152-075F-440B-8A7E-75C9B2641663}.Release|x64.ActiveCfg = Release|Any CPU
		{647B7152-075F-440B-8A7E-75C9B2641663}.Release|x64.Build.0 = Release|Any CPU
		{647B7152-075F-440B-8A7E-75C9B2641663}.Release|x86.ActiveCfg = Release|Any CPU
		{647B7152-075F-440B-8A7E-75C9B2641663}.Release|x86.Build.0 = Release|Any CPU
		{42BD4CA9-E1DB-4164-898F-F33ACC138C9C}.Debug|Any CPU.ActiveCfg = Debug|Any CPU
		{42BD4CA9-E1DB-4164-898F-F33ACC138C9C}.Debug|Any CPU.Build.0 = Debug|Any CPU
		{42BD4CA9-E1DB-4164-898F-F33ACC138C9C}.Debug|x64.ActiveCfg = Debug|Any CPU
		{42BD4CA9-E1DB-4164-898F-F33ACC138C9C}.Debug|x64.Build.0 = Debug|Any CPU
		{42BD4CA9-E1DB-4164-898F-F33ACC138C9C}.Debug|x86.ActiveCfg = Debug|Any CPU
		{42BD4CA9-E1DB-4164-898F-F33ACC138C9C}.Debug|x86.Build.0 = Debug|Any CPU
		{42BD4CA9-E1DB-4164-898F-F33ACC138C9C}.Release|Any CPU.ActiveCfg = Release|Any CPU
		{42BD4CA9-E1DB-4164-898F-F33ACC138C9C}.Release|Any CPU.Build.0 = Release|Any CPU
		{42BD4CA9-E1DB-4164-898F-F33ACC138C9C}.Release|x64.ActiveCfg = Release|Any CPU
		{42BD4CA9-E1DB-4164-898F-F33ACC138C9C}.Release|x64.Build.0 = Release|Any CPU
		{42BD4CA9-E1DB-4164-898F-F33ACC138C9C}.Release|x86.ActiveCfg = Release|Any CPU
		{42BD4CA9-E1DB-4164-898F-F33ACC138C9C}.Release|x86.Build.0 = Release|Any CPU
		{CE26652D-48CE-45E7-B975-19BBB38A3A61}.Debug|Any CPU.ActiveCfg = Debug|Any CPU
		{CE26652D-48CE-45E7-B975-19BBB38A3A61}.Debug|Any CPU.Build.0 = Debug|Any CPU
		{CE26652D-48CE-45E7-B975-19BBB38A3A61}.Debug|x64.ActiveCfg = Debug|Any CPU
		{CE26652D-48CE-45E7-B975-19BBB38A3A61}.Debug|x64.Build.0 = Debug|Any CPU
		{CE26652D-48CE-45E7-B975-19BBB38A3A61}.Debug|x86.ActiveCfg = Debug|Any CPU
		{CE26652D-48CE-45E7-B975-19BBB38A3A61}.Debug|x86.Build.0 = Debug|Any CPU
		{CE26652D-48CE-45E7-B975-19BBB38A3A61}.Release|Any CPU.ActiveCfg = Release|Any CPU
		{CE26652D-48CE-45E7-B975-19BBB38A3A61}.Release|Any CPU.Build.0 = Release|Any CPU
		{CE26652D-48CE-45E7-B975-19BBB38A3A61}.Release|x64.ActiveCfg = Release|Any CPU
		{CE26652D-48CE-45E7-B975-19BBB38A3A61}.Release|x64.Build.0 = Release|Any CPU
		{CE26652D-48CE-45E7-B975-19BBB38A3A61}.Release|x86.ActiveCfg = Release|Any CPU
		{CE26652D-48CE-45E7-B975-19BBB38A3A61}.Release|x86.Build.0 = Release|Any CPU
	EndGlobalSection
	GlobalSection(SolutionProperties) = preSolution
		HideSolutionNode = FALSE
	EndGlobalSection
	GlobalSection(NestedProjects) = preSolution
		{DAD46987-C3B3-4027-96F6-859457728779} = {190D11ED-194A-4605-97B8-B7FE6A68D7EE}
		{CDE740FC-E435-4ADD-AEF7-D4174AE0C944} = {190D11ED-194A-4605-97B8-B7FE6A68D7EE}
		{E408678C-135C-44BF-BF69-F817F0C86871} = {190D11ED-194A-4605-97B8-B7FE6A68D7EE}
		{5D0B12D6-6D71-4984-9D49-D8AA96C109BF} = {9B9774E5-F240-41EB-A755-0417344C898D}
		{647B7152-075F-440B-8A7E-75C9B2641663} = {9B9774E5-F240-41EB-A755-0417344C898D}
		{42BD4CA9-E1DB-4164-898F-F33ACC138C9C} = {9B9774E5-F240-41EB-A755-0417344C898D}
	EndGlobalSection
	GlobalSection(ExtensibilityGlobals) = postSolution
		SolutionGuid = {1EA89E42-AF85-477F-8BDE-CC5DC1B18DA9}
	EndGlobalSection
EndGlobal
